
Microsoft Visual Studio Solution File, Format Version 12.00
# Visual Studio Version 17
VisualStudioVersion = 17.14.36203.30 d17.14
MinimumVisualStudioVersion = 10.0.40219.1
Project("{FAE04EC0-301F-11D3-BF4B-00C04F79EFBC}") = "TourOfHeroes", "TourOfHeroes\TourOfHeroes.csproj", "{14583090-4BE0-4E0C-8F13-2AA0EF16B308}"
EndProject
Project("{FAE04EC0-301F-11D3-BF4B-00C04F79EFBC}") = "Repository", "Repository\Repository.csproj", "{8EDF6474-D00B-41A6-B5E0-6111435153E8}"
EndProject
Project("{FAE04EC0-301F-11D3-BF4B-00C04F79EFBC}") = "Service", "Service\Service.csproj", "{CDD99223-4417-4D94-B661-67519DA04FC5}"
EndProject
Global
	GlobalSection(SolutionConfigurationPlatforms) = preSolution
		Debug|Any CPU = Debug|Any CPU
		Release|Any CPU = Release|Any CPU
	EndGlobalSection
	GlobalSection(ProjectConfigurationPlatforms) = postSolution
		{14583090-4BE0-4E0C-8F13-2AA0EF16B308}.Debug|Any CPU.ActiveCfg = Debug|Any CPU
		{14583090-4BE0-4E0C-8F13-2AA0EF16B308}.Debug|Any CPU.Build.0 = Debug|Any CPU
		{14583090-4BE0-4E0C-8F13-2AA0EF16B308}.Release|Any CPU.ActiveCfg = Release|Any CPU
		{14583090-4BE0-4E0C-8F13-2AA0EF16B308}.Release|Any CPU.Build.0 = Release|Any CPU
		{8EDF6474-D00B-41A6-B5E0-6111435153E8}.Debug|Any CPU.ActiveCfg = Debug|Any CPU
		{8EDF6474-D00B-41A6-B5E0-6111435153E8}.Debug|Any CPU.Build.0 = Debug|Any CPU
		{8EDF6474-D00B-41A6-B5E0-6111435153E8}.Release|Any CPU.ActiveCfg = Release|Any CPU
		{8EDF6474-D00B-41A6-B5E0-6111435153E8}.Release|Any CPU.Build.0 = Release|Any CPU
		{CDD99223-4417-4D94-B661-67519DA04FC5}.Debug|Any CPU.ActiveCfg = Debug|Any CPU
		{CDD99223-4417-4D94-B661-67519DA04FC5}.Debug|Any CPU.Build.0 = Debug|Any CPU
		{CDD99223-4417-4D94-B661-67519DA04FC5}.Release|Any CPU.ActiveCfg = Release|Any CPU
		{CDD99223-4417-4D94-B661-67519DA04FC5}.Release|Any CPU.Build.0 = Release|Any CPU
	EndGlobalSection
	GlobalSection(SolutionProperties) = preSolution
		HideSolutionNode = FALSE
	EndGlobalSection
	GlobalSection(ExtensibilityGlobals) = postSolution
		SolutionGuid = {B13F664A-F69E-443B-82B0-F926AA62E795}
	EndGlobalSection
EndGlobal
